
Microsoft Visual Studio Solution File, Format Version 12.00
# Blend for Visual Studio Version 17
VisualStudioVersion = 17.8.34525.116
MinimumVisualStudioVersion = 10.0.40219.1
Project("{FAE04EC0-301F-11D3-BF4B-00C04F79EFBC}") = "Entity", "Entity\Entity.csproj", "{1128F3CF-8BF7-4EE0-AE79-C89A4A4AE3CD}"
EndProject
Global
	GlobalSection(SolutionConfigurationPlatforms) = preSolution
		Debug|Any CPU = Debug|Any CPU
		Release|Any CPU = Release|Any CPU
	EndGlobalSection
	GlobalSection(ProjectConfigurationPlatforms) = postSolution
		{1128F3CF-8BF7-4EE0-AE79-C89A4A4AE3CD}.Debug|Any CPU.ActiveCfg = Debug|Any CPU
		{1128F3CF-8BF7-4EE0-AE79-C89A4A4AE3CD}.Debug|Any CPU.Build.0 = Debug|Any CPU
		{1128F3CF-8BF7-4EE0-AE79-C89A4A4AE3CD}.Release|Any CPU.ActiveCfg = Release|Any CPU
		{1128F3CF-8BF7-4EE0-AE79-C89A4A4AE3CD}.Release|Any CPU.Build.0 = Release|Any CPU
	EndGlobalSection
	GlobalSection(SolutionProperties) = preSolution
		HideSolutionNode = FALSE
	EndGlobalSection
	GlobalSection(ExtensibilityGlobals) = postSolution
		SolutionGuid = {D42C4607-5919-44E9-9157-5FC2AD8B8332}
	EndGlobalSection
EndGlobal
